
Microsoft Visual Studio Solution File, Format Version 12.00
# Visual Studio Version 17
VisualStudioVersion = 17.8.34330.188
MinimumVisualStudioVersion = 10.0.40219.1
Project("{8BC9CEB8-8B4A-11D0-8D11-00A0C91BC942}") = "sdk_unit_tests", "sdk_unit_tests.vcxproj", "{23D5B1A9-F750-4FA4-AC25-F3B8F300AA7E}"
EndProject
Global
	GlobalSection(SolutionConfigurationPlatforms) = preSolution
		Debug|x64 = Debug|x64
		Debug|x86 = Debug|x86
		Release|x64 = Release|x64
		Release|x86 = Release|x86
	EndGlobalSection
	GlobalSection(ProjectConfigurationPlatforms) = postSolution
		{23D5B1A9-F750-4FA4-AC25-F3B8F300AA7E}.Debug|x64.ActiveCfg = Debug|x64
		{23D5B1A9-F750-4FA4-AC25-F3B8F300AA7E}.Debug|x64.Build.0 = Debug|x64
		{23D5B1A9-F750-4FA4-AC25-F3B8F300AA7E}.Debug|x86.ActiveCfg = Debug|Win32
		{23D5B1A9-F750-4FA4-AC25-F3B8F300AA7E}.Debug|x86.Build.0 = Debug|Win32
		{23D5B1A9-F750-4FA4-AC25-F3B8F300AA7E}.Release|x64.ActiveCfg = Release|x64
		{23D5B1A9-F750-4FA4-AC25-F3B8F300AA7E}.Release|x64.Build.0 = Release|x64
		{23D5B1A9-F750-4FA4-AC25-F3B8F300AA7E}.Release|x86.ActiveCfg = Release|Win32
		{23D5B1A9-F750-4FA4-AC25-F3B8F300AA7E}.Release|x86.Build.0 = Release|Win32
	EndGlobalSection
	GlobalSection(SolutionProperties) = preSolution
		HideSolutionNode = FALSE
	EndGlobalSection
	GlobalSection(ExtensibilityGlobals) = postSolution
		SolutionGuid = {E34280F8-A55B-4893-B94A-5BD160CF8279}
	EndGlobalSection
EndGlobal
